// !$*UTF8*$!
{
	archiveVersion = 1;
	classes = {
	};
	objectVersion = 51;
	objects = {

/* Begin PBXBuildFile section */
		6262F5B497746CA5F618CB3A /* Pods_PasswordCheck.framework in Frameworks */ = {isa = PBXBuildFile; fileRef = C1A89EFB55114CB6BE430C4C /* Pods_PasswordCheck.framework */; };
		FA247DC82708C28B00BF43B8 /* CheckViewController.swift in Sources */ = {isa = PBXBuildFile; fileRef = FA247DC72708C28B00BF43B8 /* CheckViewController.swift */; };
		FA247DCA2708C2D600BF43B8 /* GroupViewController.swift in Sources */ = {isa = PBXBuildFile; fileRef = FA247DC92708C2D600BF43B8 /* GroupViewController.swift */; };
		FA247DCC2708C2F100BF43B8 /* PasswordListViewController.swift in Sources */ = {isa = PBXBuildFile; fileRef = FA247DCB2708C2F100BF43B8 /* PasswordListViewController.swift */; };
		FA460C062732F9B600BA4CEA /* Group.swift in Sources */ = {isa = PBXBuildFile; fileRef = FA460C052732F9B600BA4CEA /* Group.swift */; };
		FA460C082732FA8900BA4CEA /* Password.swift in Sources */ = {isa = PBXBuildFile; fileRef = FA460C072732FA8900BA4CEA /* Password.swift */; };
		FA460C0A2732FB7F00BA4CEA /* SwipeTableViewController.swift in Sources */ = {isa = PBXBuildFile; fileRef = FA460C092732FB7F00BA4CEA /* SwipeTableViewController.swift */; };
		FACC1C5527007E2E001A38EB /* AppDelegate.swift in Sources */ = {isa = PBXBuildFile; fileRef = FACC1C5427007E2E001A38EB /* AppDelegate.swift */; };
		FACC1C5727007E2E001A38EB /* SceneDelegate.swift in Sources */ = {isa = PBXBuildFile; fileRef = FACC1C5627007E2E001A38EB /* SceneDelegate.swift */; };
		FACC1C5927007E2E001A38EB /* WelcomeViewController.swift in Sources */ = {isa = PBXBuildFile; fileRef = FACC1C5827007E2E001A38EB /* WelcomeViewController.swift */; };
		FACC1C5C27007E2E001A38EB /* Main.storyboard in Resources */ = {isa = PBXBuildFile; fileRef = FACC1C5A27007E2E001A38EB /* Main.storyboard */; };
		FACC1C5E27007E31001A38EB /* Assets.xcassets in Resources */ = {isa = PBXBuildFile; fileRef = FACC1C5D27007E31001A38EB /* Assets.xcassets */; };
		FACC1C6127007E31001A38EB /* LaunchScreen.storyboard in Resources */ = {isa = PBXBuildFile; fileRef = FACC1C5F27007E31001A38EB /* LaunchScreen.storyboard */; };
/* End PBXBuildFile section */

/* Begin PBXFileReference section */
		597B2050A74975B13BCE1DC2 /* Pods-PasswordCheck.release.xcconfig */ = {isa = PBXFileReference; includeInIndex = 1; lastKnownFileType = text.xcconfig; name = "Pods-PasswordCheck.release.xcconfig"; path = "Target Support Files/Pods-PasswordCheck/Pods-PasswordCheck.release.xcconfig"; sourceTree = "<group>"; };
		C1A89EFB55114CB6BE430C4C /* Pods_PasswordCheck.framework */ = {isa = PBXFileReference; explicitFileType = wrapper.framework; includeInIndex = 0; path = Pods_PasswordCheck.framework; sourceTree = BUILT_PRODUCTS_DIR; };
		E4CECC878A9C5D403936B05D /* Pods-PasswordCheck.debug.xcconfig */ = {isa = PBXFileReference; includeInIndex = 1; lastKnownFileType = text.xcconfig; name = "Pods-PasswordCheck.debug.xcconfig"; path = "Target Support Files/Pods-PasswordCheck/Pods-PasswordCheck.debug.xcconfig"; sourceTree = "<group>"; };
		FA247DC72708C28B00BF43B8 /* CheckViewController.swift */ = {isa = PBXFileReference; lastKnownFileType = sourcecode.swift; path = CheckViewController.swift; sourceTree = "<group>"; };
		FA247DC92708C2D600BF43B8 /* GroupViewController.swift */ = {isa = PBXFileReference; lastKnownFileType = sourcecode.swift; path = GroupViewController.swift; sourceTree = "<group>"; };
		FA247DCB2708C2F100BF43B8 /* PasswordListViewController.swift */ = {isa = PBXFileReference; lastKnownFileType = sourcecode.swift; path = PasswordListViewController.swift; sourceTree = "<group>"; };
		FA460C052732F9B600BA4CEA /* Group.swift */ = {isa = PBXFileReference; lastKnownFileType = sourcecode.swift; path = Group.swift; sourceTree = "<group>"; };
		FA460C072732FA8900BA4CEA /* Password.swift */ = {isa = PBXFileReference; lastKnownFileType = sourcecode.swift; path = Password.swift; sourceTree = "<group>"; };
		FA460C092732FB7F00BA4CEA /* SwipeTableViewController.swift */ = {isa = PBXFileReference; lastKnownFileType = sourcecode.swift; path = SwipeTableViewController.swift; sourceTree = "<group>"; };
		FACC1C5127007E2E001A38EB /* PasswordCheck.app */ = {isa = PBXFileReference; explicitFileType = wrapper.application; includeInIndex = 0; path = PasswordCheck.app; sourceTree = BUILT_PRODUCTS_DIR; };
		FACC1C5427007E2E001A38EB /* AppDelegate.swift */ = {isa = PBXFileReference; lastKnownFileType = sourcecode.swift; path = AppDelegate.swift; sourceTree = "<group>"; };
		FACC1C5627007E2E001A38EB /* SceneDelegate.swift */ = {isa = PBXFileReference; lastKnownFileType = sourcecode.swift; path = SceneDelegate.swift; sourceTree = "<group>"; };
		FACC1C5827007E2E001A38EB /* WelcomeViewController.swift */ = {isa = PBXFileReference; lastKnownFileType = sourcecode.swift; path = WelcomeViewController.swift; sourceTree = "<group>"; };
		FACC1C5B27007E2E001A38EB /* Base */ = {isa = PBXFileReference; lastKnownFileType = file.storyboard; name = Base; path = Base.lproj/Main.storyboard; sourceTree = "<group>"; };
		FACC1C5D27007E31001A38EB /* Assets.xcassets */ = {isa = PBXFileReference; lastKnownFileType = folder.assetcatalog; path = Assets.xcassets; sourceTree = "<group>"; };
		FACC1C6027007E31001A38EB /* Base */ = {isa = PBXFileReference; lastKnownFileType = file.storyboard; name = Base; path = Base.lproj/LaunchScreen.storyboard; sourceTree = "<group>"; };
		FACC1C6227007E31001A38EB /* Info.plist */ = {isa = PBXFileReference; lastKnownFileType = text.plist.xml; path = Info.plist; sourceTree = "<group>"; };
/* End PBXFileReference section */

/* Begin PBXFrameworksBuildPhase section */
		FACC1C4E27007E2E001A38EB /* Frameworks */ = {
			isa = PBXFrameworksBuildPhase;
			buildActionMask = 2147483647;
			files = (
				6262F5B497746CA5F618CB3A /* Pods_PasswordCheck.framework in Frameworks */,
			);
			runOnlyForDeploymentPostprocessing = 0;
		};
/* End PBXFrameworksBuildPhase section */

/* Begin PBXGroup section */
		94C23111E5E20F12B9B194BB /* Pods */ = {
			isa = PBXGroup;
			children = (
				E4CECC878A9C5D403936B05D /* Pods-PasswordCheck.debug.xcconfig */,
				597B2050A74975B13BCE1DC2 /* Pods-PasswordCheck.release.xcconfig */,
			);
			path = Pods;
			sourceTree = "<group>";
		};
		B177BBE462801FB4F380241D /* Frameworks */ = {
			isa = PBXGroup;
			children = (
				C1A89EFB55114CB6BE430C4C /* Pods_PasswordCheck.framework */,
			);
			name = Frameworks;
			sourceTree = "<group>";
		};
		FA247DCD2708C2FA00BF43B8 /* Controllers */ = {
			isa = PBXGroup;
			children = (
				FACC1C5827007E2E001A38EB /* WelcomeViewController.swift */,
				FA247DC92708C2D600BF43B8 /* GroupViewController.swift */,
				FA247DCB2708C2F100BF43B8 /* PasswordListViewController.swift */,
				FA247DC72708C28B00BF43B8 /* CheckViewController.swift */,
				FA460C092732FB7F00BA4CEA /* SwipeTableViewController.swift */,
			);
			path = Controllers;
			sourceTree = "<group>";
		};
		FA460C042732F99F00BA4CEA /* Model */ = {
			isa = PBXGroup;
			children = (
				FA460C052732F9B600BA4CEA /* Group.swift */,
				FA460C072732FA8900BA4CEA /* Password.swift */,
			);
			path = Model;
			sourceTree = "<group>";
		};
		FACC1C4827007E2E001A38EB = {
			isa = PBXGroup;
			children = (
				FACC1C5327007E2E001A38EB /* PasswordCheck */,
				FACC1C5227007E2E001A38EB /* Products */,
				94C23111E5E20F12B9B194BB /* Pods */,
				B177BBE462801FB4F380241D /* Frameworks */,
			);
			sourceTree = "<group>";
		};
		FACC1C5227007E2E001A38EB /* Products */ = {
			isa = PBXGroup;
			children = (
				FACC1C5127007E2E001A38EB /* PasswordCheck.app */,
			);
			name = Products;
			sourceTree = "<group>";
		};
		FACC1C5327007E2E001A38EB /* PasswordCheck */ = {
			isa = PBXGroup;
			children = (
				FA460C042732F99F00BA4CEA /* Model */,
				FACC1C5427007E2E001A38EB /* AppDelegate.swift */,
				FACC1C5627007E2E001A38EB /* SceneDelegate.swift */,
				FACC1C5A27007E2E001A38EB /* Main.storyboard */,
				FA247DCD2708C2FA00BF43B8 /* Controllers */,
				FACC1C5D27007E31001A38EB /* Assets.xcassets */,
				FACC1C5F27007E31001A38EB /* LaunchScreen.storyboard */,
				FACC1C6227007E31001A38EB /* Info.plist */,
			);
			path = PasswordCheck;
			sourceTree = "<group>";
		};
/* End PBXGroup section */

/* Begin PBXNativeTarget section */
		FACC1C5027007E2E001A38EB /* PasswordCheck */ = {
			isa = PBXNativeTarget;
			buildConfigurationList = FACC1C6527007E31001A38EB /* Build configuration list for PBXNativeTarget "PasswordCheck" */;
			buildPhases = (
				E78D2358974243E3732F7287 /* [CP] Check Pods Manifest.lock */,
				FACC1C4D27007E2E001A38EB /* Sources */,
				FACC1C4E27007E2E001A38EB /* Frameworks */,
				FACC1C4F27007E2E001A38EB /* Resources */,
				BCD23585A2DC9A870F01580C /* [CP] Embed Pods Frameworks */,
			);
			buildRules = (
			);
			dependencies = (
			);
			name = PasswordCheck;
			productName = PasswordCheck;
			productReference = FACC1C5127007E2E001A38EB /* PasswordCheck.app */;
			productType = "com.apple.product-type.application";
		};
/* End PBXNativeTarget section */

/* Begin PBXProject section */
		FACC1C4927007E2E001A38EB /* Project object */ = {
			isa = PBXProject;
			attributes = {
				LastSwiftUpdateCheck = 1250;
				LastUpgradeCheck = 1250;
				TargetAttributes = {
					FACC1C5027007E2E001A38EB = {
						CreatedOnToolsVersion = 12.5.1;
					};
				};
			};
			buildConfigurationList = FACC1C4C27007E2E001A38EB /* Build configuration list for PBXProject "PasswordCheck" */;
			compatibilityVersion = "Xcode 9.3";
			developmentRegion = en;
			hasScannedForEncodings = 0;
			knownRegions = (
				en,
				Base,
			);
			mainGroup = FACC1C4827007E2E001A38EB;
			productRefGroup = FACC1C5227007E2E001A38EB /* Products */;
			projectDirPath = "";
			projectRoot = "";
			targets = (
				FACC1C5027007E2E001A38EB /* PasswordCheck */,
			);
		};
/* End PBXProject section */

/* Begin PBXResourcesBuildPhase section */
		FACC1C4F27007E2E001A38EB /* Resources */ = {
			isa = PBXResourcesBuildPhase;
			buildActionMask = 2147483647;
			files = (
				FACC1C6127007E31001A38EB /* LaunchScreen.storyboard in Resources */,
				FACC1C5E27007E31001A38EB /* Assets.xcassets in Resources */,
				FACC1C5C27007E2E001A38EB /* Main.storyboard in Resources */,
			);
			runOnlyForDeploymentPostprocessing = 0;
		};
/* End PBXResourcesBuildPhase section */

/* Begin PBXShellScriptBuildPhase section */
		BCD23585A2DC9A870F01580C /* [CP] Embed Pods Frameworks */ = {
			isa = PBXShellScriptBuildPhase;
			buildActionMask = 2147483647;
			files = (
			);
			inputFileListPaths = (
				"${PODS_ROOT}/Target Support Files/Pods-PasswordCheck/Pods-PasswordCheck-frameworks-${CONFIGURATION}-input-files.xcfilelist",
			);
			name = "[CP] Embed Pods Frameworks";
			outputFileListPaths = (
				"${PODS_ROOT}/Target Support Files/Pods-PasswordCheck/Pods-PasswordCheck-frameworks-${CONFIGURATION}-output-files.xcfilelist",
			);
			runOnlyForDeploymentPostprocessing = 0;
			shellPath = /bin/sh;
			shellScript = "\"${PODS_ROOT}/Target Support Files/Pods-PasswordCheck/Pods-PasswordCheck-frameworks.sh\"\n";
			showEnvVarsInLog = 0;
		};
		E78D2358974243E3732F7287 /* [CP] Check Pods Manifest.lock */ = {
			isa = PBXShellScriptBuildPhase;
			buildActionMask = 2147483647;
			files = (
			);
			inputFileListPaths = (
			);
			inputPaths = (
				"${PODS_PODFILE_DIR_PATH}/Podfile.lock",
				"${PODS_ROOT}/Manifest.lock",
			);
			name = "[CP] Check Pods Manifest.lock";
			outputFileListPaths = (
			);
			outputPaths = (
				"$(DERIVED_FILE_DIR)/Pods-PasswordCheck-checkManifestLockResult.txt",
			);
			runOnlyForDeploymentPostprocessing = 0;
			shellPath = /bin/sh;
			shellScript = "diff \"${PODS_PODFILE_DIR_PATH}/Podfile.lock\" \"${PODS_ROOT}/Manifest.lock\" > /dev/null\nif [ $? != 0 ] ; then\n    # print error to STDERR\n    echo \"error: The sandbox is not in sync with the Podfile.lock. Run 'pod install' or update your CocoaPods installation.\" >&2\n    exit 1\nfi\n# This output is used by Xcode 'outputs' to avoid re-running this script phase.\necho \"SUCCESS\" > \"${SCRIPT_OUTPUT_FILE_0}\"\n";
			showEnvVarsInLog = 0;
		};
/* End PBXShellScriptBuildPhase section */

/* Begin PBXSourcesBuildPhase section */
		FACC1C4D27007E2E001A38EB /* Sources */ = {
			isa = PBXSourcesBuildPhase;
			buildActionMask = 2147483647;
			files = (
				FA460C082732FA8900BA4CEA /* Password.swift in Sources */,
				FA247DCC2708C2F100BF43B8 /* PasswordListViewController.swift in Sources */,
				FACC1C5927007E2E001A38EB /* WelcomeViewController.swift in Sources */,
				FA247DC82708C28B00BF43B8 /* CheckViewController.swift in Sources */,
				FA460C0A2732FB7F00BA4CEA /* SwipeTableViewController.swift in Sources */,
				FA460C062732F9B600BA4CEA /* Group.swift in Sources */,
				FACC1C5527007E2E001A38EB /* AppDelegate.swift in Sources */,
				FACC1C5727007E2E001A38EB /* SceneDelegate.swift in Sources */,
				FA247DCA2708C2D600BF43B8 /* GroupViewController.swift in Sources */,
			);
			runOnlyForDeploymentPostprocessing = 0;
		};
/* End PBXSourcesBuildPhase section */

/* Begin PBXVariantGroup section */
		FACC1C5A27007E2E001A38EB /* Main.storyboard */ = {
			isa = PBXVariantGroup;
			children = (
				FACC1C5B27007E2E001A38EB /* Base */,
			);
			name = Main.storyboard;
			sourceTree = "<group>";
		};
		FACC1C5F27007E31001A38EB /* LaunchScreen.storyboard */ = {
			isa = PBXVariantGroup;
			children = (
				FACC1C6027007E31001A38EB /* Base */,
			);
			name = LaunchScreen.storyboard;
			sourceTree = "<group>";
		};
/* End PBXVariantGroup section */

/* Begin XCBuildConfiguration section */
		FACC1C6327007E31001A38EB /* Debug */ = {
			isa = XCBuildConfiguration;
			buildSettings = {
				ALWAYS_SEARCH_USER_PATHS = NO;
				CLANG_ANALYZER_NONNULL = YES;
				CLANG_ANALYZER_NUMBER_OBJECT_CONVERSION = YES_AGGRESSIVE;
				CLANG_CXX_LANGUAGE_STANDARD = "gnu++14";
				CLANG_CXX_LIBRARY = "libc++";
				CLANG_ENABLE_MODULES = YES;
				CLANG_ENABLE_OBJC_ARC = YES;
				CLANG_ENABLE_OBJC_WEAK = YES;
				CLANG_WARN_BLOCK_CAPTURE_AUTORELEASING = YES;
				CLANG_WARN_BOOL_CONVERSION = YES;
				CLANG_WARN_COMMA = YES;
				CLANG_WARN_CONSTANT_CONVERSION = YES;
				CLANG_WARN_DEPRECATED_OBJC_IMPLEMENTATIONS = YES;
				CLANG_WARN_DIRECT_OBJC_ISA_USAGE = YES_ERROR;
				CLANG_WARN_DOCUMENTATION_COMMENTS = YES;
				CLANG_WARN_EMPTY_BODY = YES;
				CLANG_WARN_ENUM_CONVERSION = YES;
				CLANG_WARN_INFINITE_RECURSION = YES;
				CLANG_WARN_INT_CONVERSION = YES;
				CLANG_WARN_NON_LITERAL_NULL_CONVERSION = YES;
				CLANG_WARN_OBJC_IMPLICIT_RETAIN_SELF = YES;
				CLANG_WARN_OBJC_LITERAL_CONVERSION = YES;
				CLANG_WARN_OBJC_ROOT_CLASS = YES_ERROR;
				CLANG_WARN_QUOTED_INCLUDE_IN_FRAMEWORK_HEADER = YES;
				CLANG_WARN_RANGE_LOOP_ANALYSIS = YES;
				CLANG_WARN_STRICT_PROTOTYPES = YES;
				CLANG_WARN_SUSPICIOUS_MOVE = YES;
				CLANG_WARN_UNGUARDED_AVAILABILITY = YES_AGGRESSIVE;
				CLANG_WARN_UNREACHABLE_CODE = YES;
				CLANG_WARN__DUPLICATE_METHOD_MATCH = YES;
				COPY_PHASE_STRIP = NO;
				DEBUG_INFORMATION_FORMAT = dwarf;
				ENABLE_STRICT_OBJC_MSGSEND = YES;
				ENABLE_TESTABILITY = YES;
				GCC_C_LANGUAGE_STANDARD = gnu11;
				GCC_DYNAMIC_NO_PIC = NO;
				GCC_NO_COMMON_BLOCKS = YES;
				GCC_OPTIMIZATION_LEVEL = 0;
				GCC_PREPROCESSOR_DEFINITIONS = (
					"DEBUG=1",
					"$(inherited)",
				);
				GCC_WARN_64_TO_32_BIT_CONVERSION = YES;
				GCC_WARN_ABOUT_RETURN_TYPE = YES_ERROR;
				GCC_WARN_UNDECLARED_SELECTOR = YES;
				GCC_WARN_UNINITIALIZED_AUTOS = YES_AGGRESSIVE;
				GCC_WARN_UNUSED_FUNCTION = YES;
				GCC_WARN_UNUSED_VARIABLE = YES;
				IPHONEOS_DEPLOYMENT_TARGET = 14.5;
				MTL_ENABLE_DEBUG_INFO = INCLUDE_SOURCE;
				MTL_FAST_MATH = YES;
				ONLY_ACTIVE_ARCH = YES;
				SDKROOT = iphoneos;
				SWIFT_ACTIVE_COMPILATION_CONDITIONS = DEBUG;
				SWIFT_OPTIMIZATION_LEVEL = "-Onone";
			};
			name = Debug;
		};
		FACC1C6427007E31001A38EB /* Release */ = {
			isa = XCBuildConfiguration;
			buildSettings = {
				ALWAYS_SEARCH_USER_PATHS = NO;
				CLANG_ANALYZER_NONNULL = YES;
				CLANG_ANALYZER_NUMBER_OBJECT_CONVERSION = YES_AGGRESSIVE;
				CLANG_CXX_LANGUAGE_STANDARD = "gnu++14";
				CLANG_CXX_LIBRARY = "libc++";
				CLANG_ENABLE_MODULES = YES;
				CLANG_ENABLE_OBJC_ARC = YES;
				CLANG_ENABLE_OBJC_WEAK = YES;
				CLANG_WARN_BLOCK_CAPTURE_AUTORELEASING = YES;
				CLANG_WARN_BOOL_CONVERSION = YES;
				CLANG_WARN_COMMA = YES;
				CLANG_WARN_CONSTANT_CONVERSION = YES;
				CLANG_WARN_DEPRECATED_OBJC_IMPLEMENTATIONS = YES;
				CLANG_WARN_DIRECT_OBJC_ISA_USAGE = YES_ERROR;
				CLANG_WARN_DOCUMENTATION_COMMENTS = YES;
				CLANG_WARN_EMPTY_BODY = YES;
				CLANG_WARN_ENUM_CONVERSION = YES;
				CLANG_WARN_INFINITE_RECURSION = YES;
				CLANG_WARN_INT_CONVERSION = YES;
				CLANG_WARN_NON_LITERAL_NULL_CONVERSION = YES;
				CLANG_WARN_OBJC_IMPLICIT_RETAIN_SELF = YES;
				CLANG_WARN_OBJC_LITERAL_CONVERSION = YES;
				CLANG_WARN_OBJC_ROOT_CLASS = YES_ERROR;
				CLANG_WARN_QUOTED_INCLUDE_IN_FRAMEWORK_HEADER = YES;
				CLANG_WARN_RANGE_LOOP_ANALYSIS = YES;
				CLANG_WARN_STRICT_PROTOTYPES = YES;
				CLANG_WARN_SUSPICIOUS_MOVE = YES;
				CLANG_WARN_UNGUARDED_AVAILABILITY = YES_AGGRESSIVE;
				CLANG_WARN_UNREACHABLE_CODE = YES;
				CLANG_WARN__DUPLICATE_METHOD_MATCH = YES;
				COPY_PHASE_STRIP = NO;
				DEBUG_INFORMATION_FORMAT = "dwarf-with-dsym";
				ENABLE_NS_ASSERTIONS = NO;
				ENABLE_STRICT_OBJC_MSGSEND = YES;
				GCC_C_LANGUAGE_STANDARD = gnu11;
				GCC_NO_COMMON_BLOCKS = YES;
				GCC_WARN_64_TO_32_BIT_CONVERSION = YES;
				GCC_WARN_ABOUT_RETURN_TYPE = YES_ERROR;
				GCC_WARN_UNDECLARED_SELECTOR = YES;
				GCC_WARN_UNINITIALIZED_AUTOS = YES_AGGRESSIVE;
				GCC_WARN_UNUSED_FUNCTION = YES;
				GCC_WARN_UNUSED_VARIABLE = YES;
				IPHONEOS_DEPLOYMENT_TARGET = 14.5;
				MTL_ENABLE_DEBUG_INFO = NO;
				MTL_FAST_MATH = YES;
				SDKROOT = iphoneos;
				SWIFT_COMPILATION_MODE = wholemodule;
				SWIFT_OPTIMIZATION_LEVEL = "-O";
				VALIDATE_PRODUCT = YES;
			};
			name = Release;
		};
		FACC1C6627007E31001A38EB /* Debug */ = {
			isa = XCBuildConfiguration;
			baseConfigurationReference = E4CECC878A9C5D403936B05D /* Pods-PasswordCheck.debug.xcconfig */;
			buildSettings = {
				ASSETCATALOG_COMPILER_APPICON_NAME = AppIcon;
				ASSETCATALOG_COMPILER_GLOBAL_ACCENT_COLOR_NAME = AccentColor;
				CODE_SIGN_STYLE = Automatic;
				DEVELOPMENT_TEAM = 26VTMQ5ZKG;
				INFOPLIST_FILE = PasswordCheck/Info.plist;
				LD_RUNPATH_SEARCH_PATHS = (
					"$(inherited)",
					"@executable_path/Frameworks",
				);
				PRODUCT_BUNDLE_IDENTIFIER = ru.margo.PasswordCheck;
				PRODUCT_NAME = "$(TARGET_NAME)";
				SWIFT_VERSION = 5.0;
				TARGETED_DEVICE_FAMILY = "1,2";
			};
			name = Debug;
		};
		FACC1C6727007E31001A38EB /* Release */ = {
			isa = XCBuildConfiguration;
			baseConfigurationReference = 597B2050A74975B13BCE1DC2 /* Pods-PasswordCheck.release.xcconfig */;
			buildSettings = {
				ASSETCATALOG_COMPILER_APPICON_NAME = AppIcon;
				ASSETCATALOG_COMPILER_GLOBAL_ACCENT_COLOR_NAME = AccentColor;
				CODE_SIGN_STYLE = Automatic;
				DEVELOPMENT_TEAM = 26VTMQ5ZKG;
				INFOPLIST_FILE = PasswordCheck/Info.plist;
				LD_RUNPATH_SEARCH_PATHS = (
					"$(inherited)",
					"@executable_path/Frameworks",
				);
				PRODUCT_BUNDLE_IDENTIFIER = ru.margo.PasswordCheck;
				PRODUCT_NAME = "$(TARGET_NAME)";
				SWIFT_VERSION = 5.0;
				TARGETED_DEVICE_FAMILY = "1,2";
			};
			name = Release;
		};
/* End XCBuildConfiguration section */

/* Begin XCConfigurationList section */
		FACC1C4C27007E2E001A38EB /* Build configuration list for PBXProject "PasswordCheck" */ = {
			isa = XCConfigurationList;
			buildConfigurations = (
				FACC1C6327007E31001A38EB /* Debug */,
				FACC1C6427007E31001A38EB /* Release */,
			);
			defaultConfigurationIsVisible = 0;
			defaultConfigurationName = Release;
		};
		FACC1C6527007E31001A38EB /* Build configuration list for PBXNativeTarget "PasswordCheck" */ = {
			isa = XCConfigurationList;
			buildConfigurations = (
				FACC1C6627007E31001A38EB /* Debug */,
				FACC1C6727007E31001A38EB /* Release */,
			);
			defaultConfigurationIsVisible = 0;
			defaultConfigurationName = Release;
		};
/* End XCConfigurationList section */
	};
	rootObject = FACC1C4927007E2E001A38EB /* Project object */;
}
